{
  "version": 1,
  "dependencies": {
    "net7.0": {
      "Fable.Core": {
        "type": "Direct",
        "requested": "[3.7.1, )",
        "resolved": "3.7.1",
        "contentHash": "IzcCfF96VRC+Rp4B2VtVdOad2TF+Vxi1aVKHZISIJOUW0aOfeiNHwfBaG85UnY5xjzVwtSYxVEuwHphP/41YnQ=="
      },
      "Fable.FontAwesome.Free": {
        "type": "Direct",
        "requested": "[3.0.0, )",
        "resolved": "3.0.0",
        "contentHash": "3+MdXEr0mZon0FOZiu39tO50FDqS89IYoq7efUNLWwAZe/XBscSwNNGBnRk4PHTAz5v9WZ7hoYCLkdG5TqCmpw==",
        "dependencies": {
          "Fable.Core": "3.7.1",
          "Fable.FontAwesome": "3.0.0",
          "Fable.React": "9.2.0"
        }
      },
      "Fable.React": {
        "type": "Direct",
        "requested": "[9.3.0, )",
        "resolved": "9.3.0",
        "contentHash": "ssmZkNpklqD2Q+EGzkAtOpWVhMq4fOIxy3HHXdMZ2QchD2fnuHgXv0f1hjPbUS0F2crLR9/asSe84ED43P9HZQ==",
        "dependencies": {
          "FSharp.Core": "4.7.2",
          "Fable.React.Types": "18.3.0",
          "Fable.ReactDom.Types": "18.2.0"
        }
      },
      "Feliz": {
        "type": "Direct",
        "requested": "[2.7.0, )",
        "resolved": "2.7.0",
        "contentHash": "J5QXU2fzLJzVGWPcdnALTpTJkOm2Mlwfb08UvlGk666PaQguXYbn7ZcjPsaU7c0iDDoM/9H8YuxHNCHNjsBaaQ==",
        "dependencies": {
          "FSharp.Core": "4.7.2",
          "Fable.ReactDom.Types": "18.2.0",
          "Feliz.CompilerPlugins": "2.2.0"
        }
      },
      "Feliz.Bulma": {
        "type": "Direct",
        "requested": "[3.0.0, )",
        "resolved": "3.0.0",
        "contentHash": "EmHFhfZFddllyA7ZP6FHs0bAo/FjwZrkcAusfZGz2BQnMfQZ+zaNIKMZuvQgbfJ0vBJQTkaazVMWCA91Y2O3bQ==",
        "dependencies": {
          "FSharp.Core": "4.7.2",
          "Feliz": "2.4.0"
        }
      },
      "Feliz.Router": {
        "type": "Direct",
        "requested": "[4.0.0, )",
        "resolved": "4.0.0",
        "contentHash": "al1c1BJgmobZ1U5bWRVrPe/TXRJAV70uslBGRT3yKgpf7dl7E/XWZhAZWpKhu4pPuvpH0rjHhPnj15r80QCSMQ==",
        "dependencies": {
          "FSharp.Core": "4.7.2",
          "Fable.Elmish": "4.0.0",
          "Feliz": "2.3.0"
        }
      },
      "Thoth.Fetch": {
        "type": "Direct",
        "requested": "[3.0.1, )",
        "resolved": "3.0.1",
        "contentHash": "5i8KQwTFzDEoIjE/fAwCw0GFICCsFzVkVq2w4uU1fRlOqbSfLlUNcCEq6JkeAvQ+Jj7syMKNPSH994T8NswcpA==",
        "dependencies": {
          "FSharp.Core": "4.7.2",
          "Fable.Core": "3.2.8",
          "Fable.Fetch": "2.1.0",
          "Fable.Promise": "2.0.0",
          "Thoth.Json": "6.0.0"
        }
      },
      "Thoth.Json": {
        "type": "Direct",
        "requested": "[10.2.0, )",
        "resolved": "10.2.0",
        "contentHash": "/I58GViwrhWgp/vvNikjeSbm33V1ng3uSB27Y0BNDSJFDK+EdntCAx1Ephsx6T1dZlsgH/Z3wGmdEOqAlJUYuQ==",
        "dependencies": {
          "FSharp.Core": "4.7.2",
          "Fable.Core": "3.6.2"
        }
      },
      "Fable.AST": {
        "type": "Transitive",
        "resolved": "4.2.1",
        "contentHash": "/4V6U7Qw/WIRRxm9NJ7b+YTXTRCTk6/YKeJnbKYaVbtT45MstA3jkFvRfV0FqVFtkG9AL4uccetreygTjK7nbQ=="
      },
      "Fable.Browser.Blob": {
        "type": "Transitive",
        "resolved": "1.1.4",
        "contentHash": "+6aq2ClPFbh/wFEtKuuIPwoZwi2GlUJ6RRykT0R+i95ZmK22nfE6iWpP+jfKxDnGgrm2AGC+btobAHWXbkC1Sw==",
        "dependencies": {
          "FSharp.Core": "4.7.2",
          "Fable.Core": "3.0.0"
        }
      },
      "Fable.Browser.Dom": {
        "type": "Transitive",
        "resolved": "2.4.4",
        "contentHash": "wFGefU1Idqkwa6kKdvz5oyHL5yP+i+cvTHPeJGlF22fnqOozFurFIuPqGToqpgl9DfyWr7MyNvTiLFOkfXNqnA==",
        "dependencies": {
          "FSharp.Core": "4.7.2",
          "Fable.Browser.Blob": "1.1.4",
          "Fable.Browser.Event": "1.4.4",
          "Fable.Browser.WebStorage": "1.0.4",
          "Fable.Core": "3.0.0"
        }
      },
      "Fable.Browser.Event": {
        "type": "Transitive",
        "resolved": "1.4.4",
        "contentHash": "jGwS4fjwUNBXgGuu+mklDp9sx4ql0E6Ml5F/CI+8gxwgmxG4IdBTo3yIgF8m0doy7Tc9fgBhOfP3xdGMDgJBBQ==",
        "dependencies": {
          "FSharp.Core": "4.7.2",
          "Fable.Browser.Gamepad": "1.0.3",
          "Fable.Core": "3.0.0"
        }
      },
      "Fable.Browser.Gamepad": {
        "type": "Transitive",
        "resolved": "1.0.3",
        "contentHash": "3mIdAR8uy7eQoL+Nyp72OVWnIbTegoFD6yCvnqaHeWE2MZ3+Lc9EPMKDiHjX3VbImd1uQI57zg+hQJ6MTekgEA==",
        "dependencies": {
          "FSharp.Core": "4.7.2",
          "Fable.Core": "3.0.0"
        }
      },
      "Fable.Browser.WebStorage": {
        "type": "Transitive",
        "resolved": "1.0.4",
        "contentHash": "kxKI1nM4TWIRjp4X0QfdbgdU3p1ite5E/to3/RqotnV5BTmS9Wl+yX38L0S4CTbnU+I6v8aPLYlZ/BKmtxggXQ==",
        "dependencies": {
          "FSharp.Core": "4.7.2",
          "Fable.Browser.Event": "1.4.4",
          "Fable.Core": "3.0.0"
        }
      },
      "Fable.Elmish": {
        "type": "Transitive",
        "resolved": "4.0.0",
        "contentHash": "F7yJFmXWmg0EYfAstxNWdei1SJB+Q83pCxxGlfmLJ7uxIiYd6CbRjaHDBxC0SmHeT1E4kbjHCTFys2HHg90oow==",
        "dependencies": {
          "FSharp.Core": "4.7.2",
          "Fable.Core": "3.7.1"
        }
      },
      "Fable.Fetch": {
        "type": "Transitive",
        "resolved": "2.1.0",
        "contentHash": "SxRmYAuVfHO3IBLk1CkV32L2jnaDxdcMu+Pe4EH+P2ErYrvgErp0QLUc56kaydWsLfQM86uft+NSapYS3FB0FA==",
        "dependencies": {
          "FSharp.Core": "4.6.2",
          "Fable.Browser.Blob": "1.1.0",
          "Fable.Core": "3.0.0",
          "Fable.Promise": "2.0.0"
        }
      },
      "Fable.FontAwesome": {
        "type": "Transitive",
        "resolved": "3.0.0",
        "contentHash": "RidSfWDoBph4Re6NS5CusvhVMbMjbdWqPHeqeiAvjUc6bVmwyCv17SoVfe5cOc7qIZEcQh3UkOFzGguqvhH2cA==",
        "dependencies": {
          "Fable.Core": "3.7.1",
          "Fable.React": "9.2.0"
        }
      },
      "Fable.Promise": {
        "type": "Transitive",
        "resolved": "2.0.0",
        "contentHash": "rA9VD2uJTObnb8ghNmg/MTd8xMOJlVHmgNeKrP8SFMOP+tQ2tEDTf8xJ21HeR8ncuNxJP2CQkAfVlDxrLoHjZg==",
        "dependencies": {
          "FSharp.Core": "4.5.2",
          "Fable.Core": "3.0.0"
        }
      },
      "Fable.React.Types": {
        "type": "Transitive",
        "resolved": "18.3.0",
        "contentHash": "/b8WZ3Bdfhqy9r60ZK9JGZaGNjIMb0ogsrvWIg3k7KfCEvJs5X6+7hCybVkyjVoxwzn9wLyYGRbh5wmuHQT/Vg==",
        "dependencies": {
          "FSharp.Core": "4.7.2",
          "Fable.Browser.Dom": "2.4.4",
          "Fable.Core": "3.2.7"
        }
      },
      "Fable.ReactDom.Types": {
        "type": "Transitive",
        "resolved": "18.2.0",
        "contentHash": "2WoBjsLiSgrvR68OJXko0iVaqeMbkPM5Bx813A1WlxOSCJ50M9fwnlwG/MUEZtiOIhQmku/YTJY5a8E8r1+j2Q==",
        "dependencies": {
          "FSharp.Core": "4.7.2",
          "Fable.React.Types": "18.3.0"
        }
      },
      "Feliz.CompilerPlugins": {
        "type": "Transitive",
        "resolved": "2.2.0",
        "contentHash": "ACkO++Hp4lUrEx/axeehIL5/3R8jMnak+CYpzd0/kLpejp9BETtrgjHK7oj6Lh3V9fB7WoAKsCxyPSrm4ADN2w==",
        "dependencies": {
          "FSharp.Core": "4.7.2",
          "Fable.AST": "4.2.1"
        }
      },
      "FSharp.Core": {
        "type": "Transitive",
        "resolved": "4.7.2",
        "contentHash": "w3XFVTnyZUbC8e2QT6a85ern6y7eQPPk+MYemz1FP0iBfgZcembL+wmo5cIZ1kxB8jfoXC8Q9KVkOMsGpkBKbA=="
      }
    }
  }
}